
Microsoft Visual Studio Solution File, Format Version 12.00
# Visual Studio Version 16
VisualStudioVersion = 16.0.31129.286
MinimumVisualStudioVersion = 10.0.40219.1
Project("{FAE04EC0-301F-11D3-BF4B-00C04F79EFBC}") = "MainProgram", "MainProgram.csproj", "{87C55B5F-420F-442F-B40B-064A37D37E4D}"
EndProject
Project("{FAE04EC0-301F-11D3-BF4B-00C04F79EFBC}") = "Struct vs Class", "..\Struct vs Class\Struct vs Class.csproj", "{43A96459-712D-4B9F-981E-B6A510CE151F}"
EndProject
Global
	GlobalSection(SolutionConfigurationPlatforms) = preSolution
		Debug|Any CPU = Debug|Any CPU
		Release|Any CPU = Release|Any CPU
	EndGlobalSection
	GlobalSection(ProjectConfigurationPlatforms) = postSolution
		{87C55B5F-420F-442F-B40B-064A37D37E4D}.Debug|Any CPU.ActiveCfg = Debug|Any CPU
		{87C55B5F-420F-442F-B40B-064A37D37E4D}.Debug|Any CPU.Build.0 = Debug|Any CPU
		{87C55B5F-420F-442F-B40B-064A37D37E4D}.Release|Any CPU.ActiveCfg = Release|Any CPU
		{87C55B5F-420F-442F-B40B-064A37D37E4D}.Release|Any CPU.Build.0 = Release|Any CPU
		{43A96459-712D-4B9F-981E-B6A510CE151F}.Debug|Any CPU.ActiveCfg = Debug|Any CPU
		{43A96459-712D-4B9F-981E-B6A510CE151F}.Debug|Any CPU.Build.0 = Debug|Any CPU
		{43A96459-712D-4B9F-981E-B6A510CE151F}.Release|Any CPU.ActiveCfg = Release|Any CPU
		{43A96459-712D-4B9F-981E-B6A510CE151F}.Release|Any CPU.Build.0 = Release|Any CPU
	EndGlobalSection
	GlobalSection(SolutionProperties) = preSolution
		HideSolutionNode = FALSE
	EndGlobalSection
	GlobalSection(ExtensibilityGlobals) = postSolution
		SolutionGuid = {20DA2AE5-157F-4461-BC20-52385ADD4619}
	EndGlobalSection
EndGlobal
